// !$*UTF8*$!
{
	archiveVersion = 1;
	classes = {
	};
	objectVersion = 46;
	objects = {

/* Begin PBXBuildFile section */
		5B9896AB19E42831002D2A06 /* main.m in Sources */ = {isa = PBXBuildFile; fileRef = 5B9896AA19E42831002D2A06 /* main.m */; };
		5B9896AE19E42831002D2A06 /* AppDelegate.m in Sources */ = {isa = PBXBuildFile; fileRef = 5B9896AD19E42831002D2A06 /* AppDelegate.m */; };
		5B9896B619E42831002D2A06 /* Images.xcassets in Resources */ = {isa = PBXBuildFile; fileRef = 5B9896B519E42831002D2A06 /* Images.xcassets */; };
		5B9896B919E42831002D2A06 /* LaunchScreen.xib in Resources */ = {isa = PBXBuildFile; fileRef = 5B9896B719E42831002D2A06 /* LaunchScreen.xib */; };
		5B9896C519E42831002D2A06 /* CameraDemoTests.m in Sources */ = {isa = PBXBuildFile; fileRef = 5B9896C419E42831002D2A06 /* CameraDemoTests.m */; };
		5B9896D619E42B1D002D2A06 /* CameraViewController.m in Sources */ = {isa = PBXBuildFile; fileRef = 5B9896D519E42B1D002D2A06 /* CameraViewController.m */; };
		5B9896D919E42B34002D2A06 /* CameraManager.m in Sources */ = {isa = PBXBuildFile; fileRef = 5B9896D819E42B34002D2A06 /* CameraManager.m */; };
		5BE19D9219E4E7A300DA8500 /* AVFoundation.framework in Frameworks */ = {isa = PBXBuildFile; fileRef = 5BE19D9119E4E7A300DA8500 /* AVFoundation.framework */; };
		5BE19D9419E4E7B100DA8500 /* ImageIO.framework in Frameworks */ = {isa = PBXBuildFile; fileRef = 5BE19D9319E4E7B100DA8500 /* ImageIO.framework */; };
		5BE19D9619E4E7C000DA8500 /* CoreAudio.framework in Frameworks */ = {isa = PBXBuildFile; fileRef = 5BE19D9519E4E7C000DA8500 /* CoreAudio.framework */; };
		5BE19D9919E4E7D000DA8500 /* CoreMedia.framework in Frameworks */ = {isa = PBXBuildFile; fileRef = 5BE19D9719E4E7D000DA8500 /* CoreMedia.framework */; };
		5BE19D9A19E4E7D000DA8500 /* CoreVideo.framework in Frameworks */ = {isa = PBXBuildFile; fileRef = 5BE19D9819E4E7D000DA8500 /* CoreVideo.framework */; };
		5BE19E1219E526C100DA8500 /* btn_cam_pressed.png in Resources */ = {isa = PBXBuildFile; fileRef = 5BE19E0A19E526C100DA8500 /* btn_cam_pressed.png */; };
		5BE19E1319E526C100DA8500 /* camera-icon.png in Resources */ = {isa = PBXBuildFile; fileRef = 5BE19E0B19E526C100DA8500 /* camera-icon.png */; };
		5BE19E1419E526C100DA8500 /* cancle.png in Resources */ = {isa = PBXBuildFile; fileRef = 5BE19E0C19E526C100DA8500 /* cancle.png */; };
		5BE19E1519E526C100DA8500 /* flash-auto.png in Resources */ = {isa = PBXBuildFile; fileRef = 5BE19E0D19E526C100DA8500 /* flash-auto.png */; };
		5BE19E1619E526C100DA8500 /* flash-off.png in Resources */ = {isa = PBXBuildFile; fileRef = 5BE19E0E19E526C100DA8500 /* flash-off.png */; };
		5BE19E1719E526C100DA8500 /* flash-on.png in Resources */ = {isa = PBXBuildFile; fileRef = 5BE19E0F19E526C100DA8500 /* flash-on.png */; };
		5BE19E1819E526C100DA8500 /* front-camera.png in Resources */ = {isa = PBXBuildFile; fileRef = 5BE19E1019E526C100DA8500 /* front-camera.png */; };
		5BE19E1919E526C100DA8500 /* save.png in Resources */ = {isa = PBXBuildFile; fileRef = 5BE19E1119E526C100DA8500 /* save.png */; };
		5BE19E1E19E6690500DA8500 /* Main.storyboard in Resources */ = {isa = PBXBuildFile; fileRef = 5BE19E1C19E6690500DA8500 /* Main.storyboard */; };
		5BE19E2619E674F600DA8500 /* CameraSettingViewController.m in Sources */ = {isa = PBXBuildFile; fileRef = 5BE19E2519E674F600DA8500 /* CameraSettingViewController.m */; };
		5BE19E2819E67A5A00DA8500 /* setting.png in Resources */ = {isa = PBXBuildFile; fileRef = 5BE19E2719E67A5A00DA8500 /* setting.png */; };
/* End PBXBuildFile section */

/* Begin PBXContainerItemProxy section */
		5B9896BF19E42831002D2A06 /* PBXContainerItemProxy */ = {
			isa = PBXContainerItemProxy;
			containerPortal = 5B98969D19E42831002D2A06 /* Project object */;
			proxyType = 1;
			remoteGlobalIDString = 5B9896A419E42831002D2A06;
			remoteInfo = CameraDemo;
		};
/* End PBXContainerItemProxy section */

/* Begin PBXFileReference section */
		5B9896A519E42831002D2A06 /* CameraDemo.app */ = {isa = PBXFileReference; explicitFileType = wrapper.application; includeInIndex = 0; path = CameraDemo.app; sourceTree = BUILT_PRODUCTS_DIR; };
		5B9896A919E42831002D2A06 /* Info.plist */ = {isa = PBXFileReference; lastKnownFileType = text.plist.xml; path = Info.plist; sourceTree = "<group>"; };
		5B9896AA19E42831002D2A06 /* main.m */ = {isa = PBXFileReference; lastKnownFileType = sourcecode.c.objc; path = main.m; sourceTree = "<group>"; };
		5B9896AC19E42831002D2A06 /* AppDelegate.h */ = {isa = PBXFileReference; lastKnownFileType = sourcecode.c.h; path = AppDelegate.h; sourceTree = "<group>"; };
		5B9896AD19E42831002D2A06 /* AppDelegate.m */ = {isa = PBXFileReference; lastKnownFileType = sourcecode.c.objc; path = AppDelegate.m; sourceTree = "<group>"; };
		5B9896B519E42831002D2A06 /* Images.xcassets */ = {isa = PBXFileReference; lastKnownFileType = folder.assetcatalog; path = Images.xcassets; sourceTree = "<group>"; };
		5B9896B819E42831002D2A06 /* Base */ = {isa = PBXFileReference; lastKnownFileType = file.xib; name = Base; path = Base.lproj/LaunchScreen.xib; sourceTree = "<group>"; };
		5B9896BE19E42831002D2A06 /* CameraDemoTests.xctest */ = {isa = PBXFileReference; explicitFileType = wrapper.cfbundle; includeInIndex = 0; path = CameraDemoTests.xctest; sourceTree = BUILT_PRODUCTS_DIR; };
		5B9896C319E42831002D2A06 /* Info.plist */ = {isa = PBXFileReference; lastKnownFileType = text.plist.xml; path = Info.plist; sourceTree = "<group>"; };
		5B9896C419E42831002D2A06 /* CameraDemoTests.m */ = {isa = PBXFileReference; lastKnownFileType = sourcecode.c.objc; path = CameraDemoTests.m; sourceTree = "<group>"; };
		5B9896D419E42B1D002D2A06 /* CameraViewController.h */ = {isa = PBXFileReference; fileEncoding = 4; lastKnownFileType = sourcecode.c.h; path = CameraViewController.h; sourceTree = "<group>"; };
		5B9896D519E42B1D002D2A06 /* CameraViewController.m */ = {isa = PBXFileReference; fileEncoding = 4; lastKnownFileType = sourcecode.c.objc; path = CameraViewController.m; sourceTree = "<group>"; };
		5B9896D719E42B34002D2A06 /* CameraManager.h */ = {isa = PBXFileReference; fileEncoding = 4; lastKnownFileType = sourcecode.c.h; path = CameraManager.h; sourceTree = "<group>"; };
		5B9896D819E42B34002D2A06 /* CameraManager.m */ = {isa = PBXFileReference; fileEncoding = 4; lastKnownFileType = sourcecode.c.objc; path = CameraManager.m; sourceTree = "<group>"; };
		5BE19D9119E4E7A300DA8500 /* AVFoundation.framework */ = {isa = PBXFileReference; lastKnownFileType = wrapper.framework; name = AVFoundation.framework; path = System/Library/Frameworks/AVFoundation.framework; sourceTree = SDKROOT; };
		5BE19D9319E4E7B100DA8500 /* ImageIO.framework */ = {isa = PBXFileReference; lastKnownFileType = wrapper.framework; name = ImageIO.framework; path = System/Library/Frameworks/ImageIO.framework; sourceTree = SDKROOT; };
		5BE19D9519E4E7C000DA8500 /* CoreAudio.framework */ = {isa = PBXFileReference; lastKnownFileType = wrapper.framework; name = CoreAudio.framework; path = System/Library/Frameworks/CoreAudio.framework; sourceTree = SDKROOT; };
		5BE19D9719E4E7D000DA8500 /* CoreMedia.framework */ = {isa = PBXFileReference; lastKnownFileType = wrapper.framework; name = CoreMedia.framework; path = System/Library/Frameworks/CoreMedia.framework; sourceTree = SDKROOT; };
		5BE19D9819E4E7D000DA8500 /* CoreVideo.framework */ = {isa = PBXFileReference; lastKnownFileType = wrapper.framework; name = CoreVideo.framework; path = System/Library/Frameworks/CoreVideo.framework; sourceTree = SDKROOT; };
		5BE19D9B19E4F9B500DA8500 /* CameraDemo-Prefix.pch */ = {isa = PBXFileReference; fileEncoding = 4; lastKnownFileType = sourcecode.c.h; path = "CameraDemo-Prefix.pch"; sourceTree = "<group>"; };
		5BE19E0A19E526C100DA8500 /* btn_cam_pressed.png */ = {isa = PBXFileReference; lastKnownFileType = image.png; path = btn_cam_pressed.png; sourceTree = "<group>"; };
		5BE19E0B19E526C100DA8500 /* camera-icon.png */ = {isa = PBXFileReference; lastKnownFileType = image.png; path = "camera-icon.png"; sourceTree = "<group>"; };
		5BE19E0C19E526C100DA8500 /* cancle.png */ = {isa = PBXFileReference; lastKnownFileType = image.png; path = cancle.png; sourceTree = "<group>"; };
		5BE19E0D19E526C100DA8500 /* flash-auto.png */ = {isa = PBXFileReference; lastKnownFileType = image.png; path = "flash-auto.png"; sourceTree = "<group>"; };
		5BE19E0E19E526C100DA8500 /* flash-off.png */ = {isa = PBXFileReference; lastKnownFileType = image.png; path = "flash-off.png"; sourceTree = "<group>"; };
		5BE19E0F19E526C100DA8500 /* flash-on.png */ = {isa = PBXFileReference; lastKnownFileType = image.png; path = "flash-on.png"; sourceTree = "<group>"; };
		5BE19E1019E526C100DA8500 /* front-camera.png */ = {isa = PBXFileReference; lastKnownFileType = image.png; path = "front-camera.png"; sourceTree = "<group>"; };
		5BE19E1119E526C100DA8500 /* save.png */ = {isa = PBXFileReference; lastKnownFileType = image.png; path = save.png; sourceTree = "<group>"; };
		5BE19E1D19E6690500DA8500 /* Base */ = {isa = PBXFileReference; lastKnownFileType = file.storyboard; name = Base; path = Base.lproj/Main.storyboard; sourceTree = "<group>"; };
		5BE19E2419E674F600DA8500 /* CameraSettingViewController.h */ = {isa = PBXFileReference; fileEncoding = 4; lastKnownFileType = sourcecode.c.h; path = CameraSettingViewController.h; sourceTree = "<group>"; };
		5BE19E2519E674F600DA8500 /* CameraSettingViewController.m */ = {isa = PBXFileReference; fileEncoding = 4; lastKnownFileType = sourcecode.c.objc; path = CameraSettingViewController.m; sourceTree = "<group>"; };
		5BE19E2719E67A5A00DA8500 /* setting.png */ = {isa = PBXFileReference; lastKnownFileType = image.png; path = setting.png; sourceTree = "<group>"; };
/* End PBXFileReference section */

/* Begin PBXFrameworksBuildPhase section */
		5B9896A219E42831002D2A06 /* Frameworks */ = {
			isa = PBXFrameworksBuildPhase;
			buildActionMask = 2147483647;
			files = (
				5BE19D9919E4E7D000DA8500 /* CoreMedia.framework in Frameworks */,
				5BE19D9A19E4E7D000DA8500 /* CoreVideo.framework in Frameworks */,
				5BE19D9619E4E7C000DA8500 /* CoreAudio.framework in Frameworks */,
				5BE19D9419E4E7B100DA8500 /* ImageIO.framework in Frameworks */,
				5BE19D9219E4E7A300DA8500 /* AVFoundation.framework in Frameworks */,
			);
			runOnlyForDeploymentPostprocessing = 0;
		};
		5B9896BB19E42831002D2A06 /* Frameworks */ = {
			isa = PBXFrameworksBuildPhase;
			buildActionMask = 2147483647;
			files = (
			);
			runOnlyForDeploymentPostprocessing = 0;
		};
/* End PBXFrameworksBuildPhase section */

/* Begin PBXGroup section */
		5B98969C19E42831002D2A06 = {
			isa = PBXGroup;
			children = (
				5BE19D9019E4E77800DA8500 /* Frameworks */,
				5B9896A719E42831002D2A06 /* CameraDemo */,
				5B9896C119E42831002D2A06 /* CameraDemoTests */,
				5B9896A619E42831002D2A06 /* Products */,
			);
			sourceTree = "<group>";
		};
		5B9896A619E42831002D2A06 /* Products */ = {
			isa = PBXGroup;
			children = (
				5B9896A519E42831002D2A06 /* CameraDemo.app */,
				5B9896BE19E42831002D2A06 /* CameraDemoTests.xctest */,
			);
			name = Products;
			sourceTree = "<group>";
		};
		5B9896A719E42831002D2A06 /* CameraDemo */ = {
			isa = PBXGroup;
			children = (
				5B9896AC19E42831002D2A06 /* AppDelegate.h */,
				5B9896AD19E42831002D2A06 /* AppDelegate.m */,
				5B9896B519E42831002D2A06 /* Images.xcassets */,
				5B9896B719E42831002D2A06 /* LaunchScreen.xib */,
				5BE19E1C19E6690500DA8500 /* Main.storyboard */,
				5B9896A819E42831002D2A06 /* Supporting Files */,
				5B9896D719E42B34002D2A06 /* CameraManager.h */,
				5B9896D819E42B34002D2A06 /* CameraManager.m */,
				5B9896D419E42B1D002D2A06 /* CameraViewController.h */,
				5B9896D519E42B1D002D2A06 /* CameraViewController.m */,
				5BE19E2419E674F600DA8500 /* CameraSettingViewController.h */,
				5BE19E2519E674F600DA8500 /* CameraSettingViewController.m */,
				5BE19E0919E5259D00DA8500 /* Resources */,
			);
			path = CameraDemo;
			sourceTree = "<group>";
		};
		5B9896A819E42831002D2A06 /* Supporting Files */ = {
			isa = PBXGroup;
			children = (
				5B9896A919E42831002D2A06 /* Info.plist */,
				5B9896AA19E42831002D2A06 /* main.m */,
				5BE19D9B19E4F9B500DA8500 /* CameraDemo-Prefix.pch */,
			);
			name = "Supporting Files";
			sourceTree = "<group>";
		};
		5B9896C119E42831002D2A06 /* CameraDemoTests */ = {
			isa = PBXGroup;
			children = (
				5B9896C419E42831002D2A06 /* CameraDemoTests.m */,
				5B9896C219E42831002D2A06 /* Supporting Files */,
			);
			path = CameraDemoTests;
			sourceTree = "<group>";
		};
		5B9896C219E42831002D2A06 /* Supporting Files */ = {
			isa = PBXGroup;
			children = (
				5B9896C319E42831002D2A06 /* Info.plist */,
			);
			name = "Supporting Files";
			sourceTree = "<group>";
		};
		5BE19D9019E4E77800DA8500 /* Frameworks */ = {
			isa = PBXGroup;
			children = (
				5BE19D9719E4E7D000DA8500 /* CoreMedia.framework */,
				5BE19D9819E4E7D000DA8500 /* CoreVideo.framework */,
				5BE19D9519E4E7C000DA8500 /* CoreAudio.framework */,
				5BE19D9319E4E7B100DA8500 /* ImageIO.framework */,
				5BE19D9119E4E7A300DA8500 /* AVFoundation.framework */,
			);
			name = Frameworks;
			sourceTree = "<group>";
		};
		5BE19E0919E5259D00DA8500 /* Resources */ = {
			isa = PBXGroup;
			children = (
				5BE19E2719E67A5A00DA8500 /* setting.png */,
				5BE19E0A19E526C100DA8500 /* btn_cam_pressed.png */,
				5BE19E0B19E526C100DA8500 /* camera-icon.png */,
				5BE19E0C19E526C100DA8500 /* cancle.png */,
				5BE19E0D19E526C100DA8500 /* flash-auto.png */,
				5BE19E0E19E526C100DA8500 /* flash-off.png */,
				5BE19E0F19E526C100DA8500 /* flash-on.png */,
				5BE19E1019E526C100DA8500 /* front-camera.png */,
				5BE19E1119E526C100DA8500 /* save.png */,
			);
			path = Resources;
			sourceTree = "<group>";
		};
/* End PBXGroup section */

/* Begin PBXNativeTarget section */
		5B9896A419E42831002D2A06 /* CameraDemo */ = {
			isa = PBXNativeTarget;
			buildConfigurationList = 5B9896C819E42831002D2A06 /* Build configuration list for PBXNativeTarget "CameraDemo" */;
			buildPhases = (
				5B9896A119E42831002D2A06 /* Sources */,
				5B9896A219E42831002D2A06 /* Frameworks */,
				5B9896A319E42831002D2A06 /* Resources */,
			);
			buildRules = (
			);
			dependencies = (
			);
			name = CameraDemo;
			productName = CameraDemo;
			productReference = 5B9896A519E42831002D2A06 /* CameraDemo.app */;
			productType = "com.apple.product-type.application";
		};
		5B9896BD19E42831002D2A06 /* CameraDemoTests */ = {
			isa = PBXNativeTarget;
			buildConfigurationList = 5B9896CB19E42831002D2A06 /* Build configuration list for PBXNativeTarget "CameraDemoTests" */;
			buildPhases = (
				5B9896BA19E42831002D2A06 /* Sources */,
				5B9896BB19E42831002D2A06 /* Frameworks */,
				5B9896BC19E42831002D2A06 /* Resources */,
			);
			buildRules = (
			);
			dependencies = (
				5B9896C019E42831002D2A06 /* PBXTargetDependency */,
			);
			name = CameraDemoTests;
			productName = CameraDemoTests;
			productReference = 5B9896BE19E42831002D2A06 /* CameraDemoTests.xctest */;
			productType = "com.apple.product-type.bundle.unit-test";
		};
/* End PBXNativeTarget section */

/* Begin PBXProject section */
		5B98969D19E42831002D2A06 /* Project object */ = {
			isa = PBXProject;
			attributes = {
				LastUpgradeCheck = 0600;
				ORGANIZATIONNAME = weirdln;
				TargetAttributes = {
					5B9896A419E42831002D2A06 = {
						CreatedOnToolsVersion = 6.0.1;
					};
					5B9896BD19E42831002D2A06 = {
						CreatedOnToolsVersion = 6.0.1;
						TestTargetID = 5B9896A419E42831002D2A06;
					};
				};
			};
			buildConfigurationList = 5B9896A019E42831002D2A06 /* Build configuration list for PBXProject "CameraDemo" */;
			compatibilityVersion = "Xcode 3.2";
			developmentRegion = English;
			hasScannedForEncodings = 0;
			knownRegions = (
				en,
				Base,
			);
			mainGroup = 5B98969C19E42831002D2A06;
			productRefGroup = 5B9896A619E42831002D2A06 /* Products */;
			projectDirPath = "";
			projectRoot = "";
			targets = (
				5B9896A419E42831002D2A06 /* CameraDemo */,
				5B9896BD19E42831002D2A06 /* CameraDemoTests */,
			);
		};
/* End PBXProject section */

/* Begin PBXResourcesBuildPhase section */
		5B9896A319E42831002D2A06 /* Resources */ = {
			isa = PBXResourcesBuildPhase;
			buildActionMask = 2147483647;
			files = (
				5BE19E1219E526C100DA8500 /* btn_cam_pressed.png in Resources */,
				5BE19E1619E526C100DA8500 /* flash-off.png in Resources */,
				5BE19E1519E526C100DA8500 /* flash-auto.png in Resources */,
				5BE19E1319E526C100DA8500 /* camera-icon.png in Resources */,
				5BE19E1819E526C100DA8500 /* front-camera.png in Resources */,
				5BE19E1E19E6690500DA8500 /* Main.storyboard in Resources */,
				5B9896B919E42831002D2A06 /* LaunchScreen.xib in Resources */,
				5BE19E1919E526C100DA8500 /* save.png in Resources */,
				5BE19E2819E67A5A00DA8500 /* setting.png in Resources */,
				5BE19E1419E526C100DA8500 /* cancle.png in Resources */,
				5B9896B619E42831002D2A06 /* Images.xcassets in Resources */,
				5BE19E1719E526C100DA8500 /* flash-on.png in Resources */,
			);
			runOnlyForDeploymentPostprocessing = 0;
		};
		5B9896BC19E42831002D2A06 /* Resources */ = {
			isa = PBXResourcesBuildPhase;
			buildActionMask = 2147483647;
			files = (
			);
			runOnlyForDeploymentPostprocessing = 0;
		};
/* End PBXResourcesBuildPhase section */

/* Begin PBXSourcesBuildPhase section */
		5B9896A119E42831002D2A06 /* Sources */ = {
			isa = PBXSourcesBuildPhase;
			buildActionMask = 2147483647;
			files = (
				5B9896D619E42B1D002D2A06 /* CameraViewController.m in Sources */,
				5BE19E2619E674F600DA8500 /* CameraSettingViewController.m in Sources */,
				5B9896AE19E42831002D2A06 /* AppDelegate.m in Sources */,
				5B9896D919E42B34002D2A06 /* CameraManager.m in Sources */,
				5B9896AB19E42831002D2A06 /* main.m in Sources */,
			);
			runOnlyForDeploymentPostprocessing = 0;
		};
		5B9896BA19E42831002D2A06 /* Sources */ = {
			isa = PBXSourcesBuildPhase;
			buildActionMask = 2147483647;
			files = (
				5B9896C519E42831002D2A06 /* CameraDemoTests.m in Sources */,
			);
			runOnlyForDeploymentPostprocessing = 0;
		};
/* End PBXSourcesBuildPhase section */

/* Begin PBXTargetDependency section */
		5B9896C019E42831002D2A06 /* PBXTargetDependency */ = {
			isa = PBXTargetDependency;
			target = 5B9896A419E42831002D2A06 /* CameraDemo */;
			targetProxy = 5B9896BF19E42831002D2A06 /* PBXContainerItemProxy */;
		};
/* End PBXTargetDependency section */

/* Begin PBXVariantGroup section */
		5B9896B719E42831002D2A06 /* LaunchScreen.xib */ = {
			isa = PBXVariantGroup;
			children = (
				5B9896B819E42831002D2A06 /* Base */,
			);
			name = LaunchScreen.xib;
			sourceTree = "<group>";
		};
		5BE19E1C19E6690500DA8500 /* Main.storyboard */ = {
			isa = PBXVariantGroup;
			children = (
				5BE19E1D19E6690500DA8500 /* Base */,
			);
			name = Main.storyboard;
			sourceTree = "<group>";
		};
/* End PBXVariantGroup section */

/* Begin XCBuildConfiguration section */
		5B9896C619E42831002D2A06 /* Debug */ = {
			isa = XCBuildConfiguration;
			buildSettings = {
				ALWAYS_SEARCH_USER_PATHS = NO;
				CLANG_CXX_LANGUAGE_STANDARD = "gnu++0x";
				CLANG_CXX_LIBRARY = "libc++";
				CLANG_ENABLE_MODULES = YES;
				CLANG_ENABLE_OBJC_ARC = YES;
				CLANG_WARN_BOOL_CONVERSION = YES;
				CLANG_WARN_CONSTANT_CONVERSION = YES;
				CLANG_WARN_DIRECT_OBJC_ISA_USAGE = YES_ERROR;
				CLANG_WARN_EMPTY_BODY = YES;
				CLANG_WARN_ENUM_CONVERSION = YES;
				CLANG_WARN_INT_CONVERSION = YES;
				CLANG_WARN_OBJC_ROOT_CLASS = YES_ERROR;
				CLANG_WARN_UNREACHABLE_CODE = YES;
				CLANG_WARN__DUPLICATE_METHOD_MATCH = YES;
				"CODE_SIGN_IDENTITY[sdk=iphoneos*]" = "iPhone Developer";
				COPY_PHASE_STRIP = NO;
				ENABLE_STRICT_OBJC_MSGSEND = YES;
				GCC_C_LANGUAGE_STANDARD = gnu99;
				GCC_DYNAMIC_NO_PIC = NO;
				GCC_OPTIMIZATION_LEVEL = 0;
				GCC_PREPROCESSOR_DEFINITIONS = (
					"DEBUG=1",
					"$(inherited)",
				);
				GCC_SYMBOLS_PRIVATE_EXTERN = NO;
				GCC_WARN_64_TO_32_BIT_CONVERSION = YES;
				GCC_WARN_ABOUT_RETURN_TYPE = YES_ERROR;
				GCC_WARN_UNDECLARED_SELECTOR = YES;
				GCC_WARN_UNINITIALIZED_AUTOS = YES_AGGRESSIVE;
				GCC_WARN_UNUSED_FUNCTION = YES;
				GCC_WARN_UNUSED_VARIABLE = YES;
				IPHONEOS_DEPLOYMENT_TARGET = 8.0;
				MTL_ENABLE_DEBUG_INFO = YES;
				ONLY_ACTIVE_ARCH = YES;
				SDKROOT = iphoneos;
			};
			name = Debug;
		};
		5B9896C719E42831002D2A06 /* Release */ = {
			isa = XCBuildConfiguration;
			buildSettings = {
				ALWAYS_SEARCH_USER_PATHS = NO;
				CLANG_CXX_LANGUAGE_STANDARD = "gnu++0x";
				CLANG_CXX_LIBRARY = "libc++";
				CLANG_ENABLE_MODULES = YES;
				CLANG_ENABLE_OBJC_ARC = YES;
				CLANG_WARN_BOOL_CONVERSION = YES;
				CLANG_WARN_CONSTANT_CONVERSION = YES;
				CLANG_WARN_DIRECT_OBJC_ISA_USAGE = YES_ERROR;
				CLANG_WARN_EMPTY_BODY = YES;
				CLANG_WARN_ENUM_CONVERSION = YES;
				CLANG_WARN_INT_CONVERSION = YES;
				CLANG_WARN_OBJC_ROOT_CLASS = YES_ERROR;
				CLANG_WARN_UNREACHABLE_CODE = YES;
				CLANG_WARN__DUPLICATE_METHOD_MATCH = YES;
				"CODE_SIGN_IDENTITY[sdk=iphoneos*]" = "iPhone Developer";
				COPY_PHASE_STRIP = YES;
				ENABLE_NS_ASSERTIONS = NO;
				ENABLE_STRICT_OBJC_MSGSEND = YES;
				GCC_C_LANGUAGE_STANDARD = gnu99;
				GCC_WARN_64_TO_32_BIT_CONVERSION = YES;
				GCC_WARN_ABOUT_RETURN_TYPE = YES_ERROR;
				GCC_WARN_UNDECLARED_SELECTOR = YES;
				GCC_WARN_UNINITIALIZED_AUTOS = YES_AGGRESSIVE;
				GCC_WARN_UNUSED_FUNCTION = YES;
				GCC_WARN_UNUSED_VARIABLE = YES;
				IPHONEOS_DEPLOYMENT_TARGET = 8.0;
				MTL_ENABLE_DEBUG_INFO = NO;
				SDKROOT = iphoneos;
				VALIDATE_PRODUCT = YES;
			};
			name = Release;
		};
		5B9896C919E42831002D2A06 /* Debug */ = {
			isa = XCBuildConfiguration;
			buildSettings = {
				ASSETCATALOG_COMPILER_APPICON_NAME = AppIcon;
				CLANG_ENABLE_OBJC_ARC = YES;
				CLANG_WARN__ARC_BRIDGE_CAST_NONARC = YES;
				CODE_SIGN_IDENTITY = "iPhone Developer: WENJIN ZHANG (5XF78238UH)";
				GCC_PRECOMPILE_PREFIX_HEADER = YES;
				GCC_PREFIX_HEADER = "CameraDemo/CameraDemo-Prefix.pch";
				INFOPLIST_FILE = CameraDemo/Info.plist;
				IPHONEOS_DEPLOYMENT_TARGET = 7.1;
				LD_RUNPATH_SEARCH_PATHS = "$(inherited) @executable_path/Frameworks";
				PRODUCT_NAME = "$(TARGET_NAME)";
				PROVISIONING_PROFILE = "EF6D64E9-D1F7-4809-A844-A23FF0789C37";
			};
			name = Debug;
		};
		5B9896CA19E42831002D2A06 /* Release */ = {
			isa = XCBuildConfiguration;
			buildSettings = {
				ASSETCATALOG_COMPILER_APPICON_NAME = AppIcon;
				CLANG_ENABLE_OBJC_ARC = YES;
				CLANG_WARN__ARC_BRIDGE_CAST_NONARC = YES;
				CODE_SIGN_IDENTITY = "iPhone Developer: WENJIN ZHANG (5XF78238UH)";
				GCC_PRECOMPILE_PREFIX_HEADER = YES;
				GCC_PREFIX_HEADER = "CameraDemo/CameraDemo-Prefix.pch";
				INFOPLIST_FILE = CameraDemo/Info.plist;
				IPHONEOS_DEPLOYMENT_TARGET = 7.1;
				LD_RUNPATH_SEARCH_PATHS = "$(inherited) @executable_path/Frameworks";
				PRODUCT_NAME = "$(TARGET_NAME)";
				PROVISIONING_PROFILE = "EF6D64E9-D1F7-4809-A844-A23FF0789C37";
			};
			name = Release;
		};
		5B9896CC19E42831002D2A06 /* Debug */ = {
			isa = XCBuildConfiguration;
			buildSettings = {
				BUNDLE_LOADER = "$(TEST_HOST)";
				FRAMEWORK_SEARCH_PATHS = (
					"$(SDKROOT)/Developer/Library/Frameworks",
					"$(inherited)",
				);
				GCC_PREPROCESSOR_DEFINITIONS = (
					"DEBUG=1",
					"$(inherited)",
				);
				INFOPLIST_FILE = CameraDemoTests/Info.plist;
				LD_RUNPATH_SEARCH_PATHS = "$(inherited) @executable_path/Frameworks @loader_path/Frameworks";
				PRODUCT_NAME = "$(TARGET_NAME)";
				TEST_HOST = "$(BUILT_PRODUCTS_DIR)/CameraDemo.app/CameraDemo";
			};
			name = Debug;
		};
		5B9896CD19E42831002D2A06 /* Release */ = {
			isa = XCBuildConfiguration;
			buildSettings = {
				BUNDLE_LOADER = "$(TEST_HOST)";
				FRAMEWORK_SEARCH_PATHS = (
					"$(SDKROOT)/Developer/Library/Frameworks",
					"$(inherited)",
				);
				INFOPLIST_FILE = CameraDemoTests/Info.plist;
				LD_RUNPATH_SEARCH_PATHS = "$(inherited) @executable_path/Frameworks @loader_path/Frameworks";
				PRODUCT_NAME = "$(TARGET_NAME)";
				TEST_HOST = "$(BUILT_PRODUCTS_DIR)/CameraDemo.app/CameraDemo";
			};
			name = Release;
		};
/* End XCBuildConfiguration section */

/* Begin XCConfigurationList section */
		5B9896A019E42831002D2A06 /* Build configuration list for PBXProject "CameraDemo" */ = {
			isa = XCConfigurationList;
			buildConfigurations = (
				5B9896C619E42831002D2A06 /* Debug */,
				5B9896C719E42831002D2A06 /* Release */,
			);
			defaultConfigurationIsVisible = 0;
			defaultConfigurationName = Release;
		};
		5B9896C819E42831002D2A06 /* Build configuration list for PBXNativeTarget "CameraDemo" */ = {
			isa = XCConfigurationList;
			buildConfigurations = (
				5B9896C919E42831002D2A06 /* Debug */,
				5B9896CA19E42831002D2A06 /* Release */,
			);
			defaultConfigurationIsVisible = 0;
			defaultConfigurationName = Release;
		};
		5B9896CB19E42831002D2A06 /* Build configuration list for PBXNativeTarget "CameraDemoTests" */ = {
			isa = XCConfigurationList;
			buildConfigurations = (
				5B9896CC19E42831002D2A06 /* Debug */,
				5B9896CD19E42831002D2A06 /* Release */,
			);
			defaultConfigurationIsVisible = 0;
			defaultConfigurationName = Release;
		};
/* End XCConfigurationList section */
	};
	rootObject = 5B98969D19E42831002D2A06 /* Project object */;
}
